{
  "requires": true,
  "lockfileVersion": 1,
  "dependencies": {
    "@types/js-cookie": {
      "version": "3.0.2",
      "resolved": "https://registry.npmmirror.com/@types/js-cookie/-/js-cookie-3.0.2.tgz",
      "integrity": "sha512-6+0ekgfusHftJNYpihfkMu8BWdeHs9EOJuGcSofErjstGPfPGEu9yTu4t460lTzzAMl2cM5zngQJqPMHbbnvYA=="
    }
  }
}
